{
  "nodes": {
    "agenix": {
      "inputs": {
        "darwin": "darwin",
        "home-manager": [
          "home-manager"
        ],
        "nixpkgs": [
          "nixpkgs"
        ],
        "systems": [
          "systems"
        ]
      },
      "locked": {
        "lastModified": 1770165109,
        "narHash": "sha256-9VnK6Oqai65puVJ4WYtCTvlJeXxMzAp/69HhQuTdl/I=",
        "owner": "ryantm",
        "repo": "agenix",
        "rev": "b027ee29d959fda4b60b57566d64c98a202e0feb",
        "type": "github"
      },
      "original": {
        "owner": "ryantm",
        "repo": "agenix",
        "type": "github"
      }
    },
    "betterfox": {
      "inputs": {
        "flake-parts": [
          "flake-parts"
        ],
        "import-tree": [
          "import-tree"
        ],
        "nixpkgs": [
          "nixpkgs"
        ],
        "systems": [
          "systems"
        ]
      },
      "locked": {
        "lastModified": 1783360235,
        "narHash": "sha256-o830TyiQRg9yl8jmoCIPUcA5wdOALETPSnrUAC63XwY=",
        "owner": "HeitorAugustoLN",
        "repo": "betterfox-nix",
        "rev": "bb2405b45e8b7a44ec23915a7993ea5a25dc70c8",
        "type": "github"
      },
      "original": {
        "owner": "HeitorAugustoLN",
        "repo": "betterfox-nix",
        "type": "github"
      }
    },
    "bundle": {
      "locked": {
        "lastModified": 1785483376,
        "narHash": "sha256-0GaOvnQniHosReBsJ0oQAVgByEHKX7XtkIJzi1YKguc=",
        "owner": "different-name",
        "repo": "bundle-of-nix",
        "rev": "638dadc3f31c88842ac54c40c29a9225f4c4e748",
        "type": "github"
      },
      "original": {
        "owner": "different-name",
        "repo": "bundle-of-nix",
        "type": "github"
      }
    },
    "catppuccin": {
      "inputs": {
        "nixpkgs": [
          "nixpkgs"
        ]
      },
      "locked": {
        "lastModified": 1788792980,
        "narHash": "sha256-TX/Z3PQZQVHgy4g9OZpflVpuazwturkGolsRDkFVHiU=",
        "owner": "catppuccin",
        "repo": "nix",
        "rev": "3142fdbeea0b181ad6600587dfe484ccb644dcc6",
        "type": "github"
      },
      "original": {
        "owner": "catppuccin",
        "repo": "nix",
        "type": "github"
      }
    },
    "darwin": {
      "inputs": {
        "nixpkgs": [
          "agenix",
          "nixpkgs"
        ]
      },
      "locked": {
        "lastModified": 1744478979,
        "narHash": "sha256-dyN+teG9G82G+m+PX/aSAagkC+vUv0SgUw3XkPhQodQ=",
        "owner": "lnl7",
        "repo": "nix-darwin",
        "rev": "43975d782b418ebf4969e9ccba82466728c2851b",
        "type": "github"
      },
      "original": {
        "owner": "lnl7",
        "ref": "master",
        "repo": "nix-darwin",
        "type": "github"
      }
    },
    "disblock-origin": {
      "flake": false,
      "locked": {
        "lastModified": 1787847852,
        "narHash": "sha256-ugcXE61nCaD9yRZ8Qm2i4NoRQhSIkU1/kmQ/Ilq7F6c=",
        "ref": "refs/heads/master",
        "rev": "441e4a0671a836e99a25c5ead6b6604d49d95d2c",
        "revCount": 263,
        "type": "git",
        "url": "https://git.allpurposem.at/mat/Disblock-Origin.git"
      },
      "original": {
        "type": "git",
        "url": "https://git.allpurposem.at/mat/Disblock-Origin.git"
      }
    },
    "disko": {
      "inputs": {
        "nixpkgs": [
          "nixpkgs"
        ]
      },
      "locked": {
        "lastModified": 1781152676,
        "narHash": "sha256-RxWs5ND31KzTG7wvMM+PMfUjyNpmIEr999lqNARaM5o=",
        "owner": "nix-community",
        "repo": "disko",
        "rev": "ff8702b4de27f72b4c78573dfb89ec74e36abdf1",
        "type": "github"
      },
      "original": {
        "owner": "nix-community",
        "repo": "disko",
        "type": "github"
      }
    },
    "epht": {
      "inputs": {
        "flake-parts": [
          "flake-parts"
        ],
        "nixpkgs": [
          "nixpkgs"
        ],
        "systems": [
          "systems"
        ]
      },
      "locked": {
        "lastModified": 1787706350,
        "narHash": "sha256-+LGCTBsJo9qV5XkSQXfShzdTuQgWI3/QTToRRAT9+rc=",
        "owner": "different-name",
        "repo": "epht",
        "rev": "cd31854020f2e416a8c4f2f777f3317d77e3ebf2",
        "type": "github"
      },
      "original": {
        "owner": "different-name",
        "repo": "epht",
        "type": "github"
      }
    },
    "ffmpeg4discord": {
      "flake": false,
      "locked": {
        "lastModified": 1787107213,
        "narHash": "sha256-7ECKa2rsVtNn0xDls87SQciVxRW7d1V5xItijlVLsvE=",
        "owner": "zfleeman",
        "repo": "ffmpeg4discord",
        "rev": "23f4e85c5e5c22ad6229b6716444ffcd0e2d76c4",
        "type": "github"
      },
      "original": {
        "owner": "zfleeman",
        "repo": "ffmpeg4discord",
        "type": "github"
      }
    },
    "flake-compat": {
      "locked": {
        "lastModified": 1733328505,
        "narHash": "sha256-NeCCThCEP3eCl2l/+27kNNK7QrwZB1IJCrXfrbv5oqU=",
        "rev": "ff81ac966bb2cae68946d5ed5fc4994f96d0ffec",
        "revCount": 69,
        "type": "tarball",
        "url": "https://api.flakehub.com/f/pinned/edolstra/flake-compat/1.1.0/01948eb7-9cba-704f-bbf3-3fa956735b52/source.tar.gz"
      },
      "original": {
        "type": "tarball",
        "url": "https://flakehub.com/f/edolstra/flake-compat/1.tar.gz"
      }
    },
    "flake-compat_2": {
      "flake": false,
      "locked": {
        "lastModified": 1767039857,
        "narHash": "sha256-vNpUSpF5Nuw8xvDLj2KCwwksIbjua2LZCqhV1LNRDns=",
        "owner": "NixOS",
        "repo": "flake-compat",
        "rev": "5edf11c44bc78a0d334f6334cdaf7d60d732daab",
        "type": "github"
      },
      "original": {
        "owner": "NixOS",
        "repo": "flake-compat",
        "type": "github"
      }
    },
    "flake-parts": {
      "inputs": {
        "nixpkgs-lib": [
          "nixpkgs"
        ]
      },
      "locked": {
        "lastModified": 1788450739,
        "narHash": "sha256-glZLQlzIn1fXH6PazR2iUmTo7kzzyYSshrWhLS9TqCU=",
        "owner": "hercules-ci",
        "repo": "flake-parts",
        "rev": "31729ca8cbdb4fa927b34e5f4353e6a83f39e993",
        "type": "github"
      },
      "original": {
        "owner": "hercules-ci",
        "repo": "flake-parts",
        "type": "github"
      }
    },
    "flake-utils": {
      "inputs": {
        "systems": [
          "nixpkgs-xr",
          "systems"
        ]
      },
      "locked": {
        "lastModified": 1731533236,
        "narHash": "sha256-l0KFg5HjrsfsO/JpG+r7fRrqm12kzFHyUHqHCVpMMbI=",
        "owner": "numtide",
        "repo": "flake-utils",
        "rev": "11707dc2f618dd54ca8739b309ec4fc024de578b",
        "type": "github"
      },
      "original": {
        "owner": "numtide",
        "repo": "flake-utils",
        "type": "github"
      }
    },
    "hexecute": {
      "inputs": {
        "nixpkgs": [
          "nixpkgs"
        ]
      },
      "locked": {
        "lastModified": 1782142426,
        "narHash": "sha256-8003XFGgXUGE47ttuAVXT0MtIXrbggTppzTcnMHZDxA=",
        "owner": "ThatOtherAndrew",
        "repo": "Hexecute",
        "rev": "80dbfa930a3fd0a3b08a6cad154b0173c94db64d",
        "type": "github"
      },
      "original": {
        "owner": "ThatOtherAndrew",
        "repo": "Hexecute",
        "type": "github"
      }
    },
    "home-manager": {
      "inputs": {
        "nixpkgs": [
          "nixpkgs"
        ]
      },
      "locked": {
        "lastModified": 1788651960,
        "narHash": "sha256-v9wJd32eZ2bvhBzVOd7TIjLQd011P7nwOhjKtWlci5I=",
        "owner": "nix-community",
        "repo": "home-manager",
        "rev": "2c0350c759688177331b8f5242311fae8877bdb3",
        "type": "github"
      },
      "original": {
        "owner": "nix-community",
        "repo": "home-manager",
        "type": "github"
      }
    },
    "impermanence": {
      "inputs": {
        "home-manager": [
          "home-manager"
        ],
        "nixpkgs": [
          "nixpkgs"
        ]
      },
      "locked": {
        "lastModified": 1769548169,
        "narHash": "sha256-03+JxvzmfwRu+5JafM0DLbxgHttOQZkUtDWBmeUkN8Y=",
        "owner": "nix-community",
        "repo": "impermanence",
        "rev": "7b1d382faf603b6d264f58627330f9faa5cba149",
        "type": "github"
      },
      "original": {
        "owner": "nix-community",
        "repo": "impermanence",
        "type": "github"
      }
    },
    "import-tree": {
      "locked": {
        "lastModified": 1788467110,
        "narHash": "sha256-ljEMTXP/rH0tOvDzc9gzwww6KcHRPRnEHzd9lK48V7s=",
        "owner": "vic",
        "repo": "import-tree",
        "rev": "eb1b52eaecc57f7c136d07ae8a93e724dfecac46",
        "type": "github"
      },
      "original": {
        "owner": "vic",
        "repo": "import-tree",
        "type": "github"
      }
    },
    "nix-index-database": {
      "inputs": {
        "nixpkgs": [
          "nixpkgs"
        ]
      },
      "locked": {
        "lastModified": 1788680125,
        "narHash": "sha256-amGSoDobwmp4CFvCn841ws2iuitus+HUJdD/gKgsrJA=",
        "owner": "nix-community",
        "repo": "nix-index-database",
        "rev": "116ad1c2adb642405ef8916f6a94c8626f971344",
        "type": "github"
      },
      "original": {
        "owner": "nix-community",
        "repo": "nix-index-database",
        "type": "github"
      }
    },
    "nix-vscode-extensions": {
      "inputs": {
        "nixpkgs": [
          "nixpkgs"
        ]
      },
      "locked": {
        "lastModified": 1788840199,
        "narHash": "sha256-bNgtpZtQ/NkL5lKdfvY2jr2ueUNtiNhq/U1MctWZQO0=",
        "owner": "nix-community",
        "repo": "nix-vscode-extensions",
        "rev": "41316674b7aaf38b1f9b2415ba153db82ea092cf",
        "type": "github"
      },
      "original": {
        "owner": "nix-community",
        "repo": "nix-vscode-extensions",
        "type": "github"
      }
    },
    "nixos-hardware": {
      "inputs": {
        "nixpkgs": [
          "nixpkgs"
        ]
      },
      "locked": {
        "lastModified": 1788860136,
        "narHash": "sha256-MhPMOFV4pVkygWEbQ8t1De/uQ9cWF1u++tRe2L5tG48=",
        "owner": "nixos",
        "repo": "nixos-hardware",
        "rev": "62173785b9a18c78b4a15aca2623d02bceb9d077",
        "type": "github"
      },
      "original": {
        "owner": "nixos",
        "repo": "nixos-hardware",
        "type": "github"
      }
    },
    "nixpkgs": {
      "locked": {
        "lastModified": 1788881743,
        "narHash": "sha256-2V9GZGvPfrNzxFozhI9dcqV+c3QdA8YZrvAAzqEB+dI=",
        "owner": "nixos",
        "repo": "nixpkgs",
        "rev": "d6524aaca2ff07876657ae2b323f24be4874944b",
        "type": "github"
      },
      "original": {
        "owner": "nixos",
        "ref": "nixos-unstable",
        "repo": "nixpkgs",
        "type": "github"
      }
    },
    "nixpkgs-firefox": {
      "locked": {
        "lastModified": 1782723713,
        "narHash": "sha256-oPXCU/SSUokcGaJREHibG1CBX3+s/W7orDWQOZDsEeQ=",
        "owner": "nixos",
        "repo": "nixpkgs",
        "rev": "b5aa0fbd538984f6e3d201be0005b4463d8b09f8",
        "type": "github"
      },
      "original": {
        "owner": "nixos",
        "repo": "nixpkgs",
        "rev": "b5aa0fbd538984f6e3d201be0005b4463d8b09f8",
        "type": "github"
      }
    },
    "nixpkgs-libxml2": {
      "locked": {
        "lastModified": 1751274312,
        "narHash": "sha256-/bVBlRpECLVzjV19t5KMdMFWSwKLtb5RyXdjz3LJT+g=",
        "owner": "NixOS",
        "repo": "nixpkgs",
        "rev": "50ab793786d9de88ee30ec4e4c24fb4236fc2674",
        "type": "github"
      },
      "original": {
        "owner": "NixOS",
        "ref": "nixos-24.11",
        "repo": "nixpkgs",
        "type": "github"
      }
    },
    "nixpkgs-xr": {
      "inputs": {
        "flake-compat": "flake-compat",
        "flake-utils": "flake-utils",
        "nixpkgs": "nixpkgs_2",
        "nvfetcher": "nvfetcher",
        "systems": [
          "systems"
        ],
        "treefmt-nix": [
          "treefmt-nix"
        ]
      },
      "locked": {
        "lastModified": 1788837337,
        "narHash": "sha256-n/FPXowUPLcLVgkqmKAqJjfgataCTt/32Fi0zPPSBb0=",
        "owner": "nix-community",
        "repo": "nixpkgs-xr",
        "rev": "af6d20556b11a4e520091af25c30dd604f9c3a62",
        "type": "github"
      },
      "original": {
        "owner": "nix-community",
        "repo": "nixpkgs-xr",
        "type": "github"
      }
    },
    "nixpkgs_2": {
      "locked": {
        "lastModified": 1788752844,
        "narHash": "sha256-VaWGJ6+cIYN2erfSecbRV+4ljI185Ty2wUrXyvQbgOw=",
        "owner": "NixOS",
        "repo": "nixpkgs",
        "rev": "dc5d91f840324650bac8c379428c7037a416959a",
        "type": "github"
      },
      "original": {
        "owner": "NixOS",
        "ref": "nixos-unstable",
        "repo": "nixpkgs",
        "type": "github"
      }
    },
    "nixpkgs_3": {
      "locked": {
        "lastModified": 1787900134,
        "narHash": "sha256-VYXO0XZlgj06dxJZRhrD3WoSsvq/c7+/Akyoa22pefw=",
        "owner": "NixOS",
        "repo": "nixpkgs",
        "rev": "83199d0d373dd3ac2b9a1996b1d0263f76ab7a4c",
        "type": "github"
      },
      "original": {
        "owner": "NixOS",
        "ref": "nixos-unstable",
        "repo": "nixpkgs",
        "type": "github"
      }
    },
    "nixpkgs_4": {
      "locked": {
        "lastModified": 1779560665,
        "narHash": "sha256-tpyBcxPpcQb8ukyNF7DoCwfSY3VPsxHoYwj00Cayv5o=",
        "owner": "nixos",
        "repo": "nixpkgs",
        "rev": "64c08a7ca051951c8eae34e3e3cb1e202fe36786",
        "type": "github"
      },
      "original": {
        "owner": "nixos",
        "ref": "nixos-unstable",
        "repo": "nixpkgs",
        "type": "github"
      }
    },
    "nixpkgs_5": {
      "locked": {
        "lastModified": 1787360063,
        "narHash": "sha256-dt4WdcvsA8/RCe+VZZwqU0X+XMM3wBbGCWA0/sFWzGo=",
        "owner": "nixos",
        "repo": "nixpkgs",
        "rev": "2c423e03bbafcff28bfadc6781a4a8257f205cb5",
        "type": "github"
      },
      "original": {
        "owner": "nixos",
        "ref": "nixos-unstable",
        "repo": "nixpkgs",
        "type": "github"
      }
    },
    "numen": {
      "inputs": {
        "nixpkgs": [
          "vicinae",
          "nixpkgs"
        ]
      },
      "locked": {
        "lastModified": 1788096061,
        "narHash": "sha256-kjnCgTn45XzFmoiHZYFZsToyc+TXHQ43Nk0UkEbhw68=",
        "owner": "vicinaehq",
        "repo": "numen",
        "rev": "0ed1b2bfddd6adfa367acfa46148e2b9c5a5b818",
        "type": "github"
      },
      "original": {
        "owner": "vicinaehq",
        "ref": "v0.6.1",
        "repo": "numen",
        "type": "github"
      }
    },
    "nur": {
      "inputs": {
        "flake-parts": [
          "flake-parts"
        ],
        "nixpkgs": [
          "nixpkgs"
        ]
      },
      "locked": {
        "lastModified": 1788906623,
        "narHash": "sha256-bsdFBtt/pNSMUUSPWnQzkuqPFrWXJ0QM+rdoKyqVYcw=",
        "owner": "nix-community",
        "repo": "NUR",
        "rev": "f2c463e3cf52986e0ce957e7fc67290d60078acd",
        "type": "github"
      },
      "original": {
        "owner": "nix-community",
        "repo": "NUR",
        "type": "github"
      }
    },
    "nvfetcher": {
      "inputs": {
        "flake-compat": [
          "nixpkgs-xr",
          "flake-compat"
        ],
        "flake-utils": [
          "nixpkgs-xr",
          "flake-utils"
        ],
        "nixpkgs": [
          "nixpkgs-xr",
          "nixpkgs"
        ]
      },
      "locked": {
        "lastModified": 1766178214,
        "narHash": "sha256-tKDXreDwrRkdjvfot5fr1++ed6oOq3+/hW/Dj8WfTgs=",
        "owner": "Red-M",
        "repo": "nvfetcher",
        "rev": "a84b3ce67f1d7acd85b3aa2b9967ab91ed6e7a71",
        "type": "github"
      },
      "original": {
        "owner": "Red-M",
        "repo": "nvfetcher",
        "rev": "a84b3ce67f1d7acd85b3aa2b9967ab91ed6e7a71",
        "type": "github"
      }
    },
    "root": {
      "inputs": {
        "agenix": "agenix",
        "betterfox": "betterfox",
        "bundle": "bundle",
        "catppuccin": "catppuccin",
        "disblock-origin": "disblock-origin",
        "disko": "disko",
        "epht": "epht",
        "ffmpeg4discord": "ffmpeg4discord",
        "flake-parts": "flake-parts",
        "hexecute": "hexecute",
        "home-manager": "home-manager",
        "impermanence": "impermanence",
        "import-tree": "import-tree",
        "nix-index-database": "nix-index-database",
        "nix-vscode-extensions": "nix-vscode-extensions",
        "nixos-hardware": "nixos-hardware",
        "nixpkgs": "nixpkgs",
        "nixpkgs-firefox": "nixpkgs-firefox",
        "nixpkgs-xr": "nixpkgs-xr",
        "nur": "nur",
        "solarxr-cli": "solarxr-cli",
        "spicetify-nix": "spicetify-nix",
        "split-monitor-workspaces": "split-monitor-workspaces",
        "steam-config-nix": "steam-config-nix",
        "systems": "systems",
        "treefmt-nix": "treefmt-nix",
        "vicinae": "vicinae",
        "vicinae-extensions": "vicinae-extensions",
        "vrchat-video-resolver": "vrchat-video-resolver",
        "wrappers": "wrappers"
      }
    },
    "solarxr-cli": {
      "inputs": {
        "nixpkgs": [
          "nixpkgs"
        ],
        "systems": [
          "systems"
        ]
      },
      "locked": {
        "lastModified": 1788818939,
        "narHash": "sha256-uBT+EpRFP9uGfVFYMznDGkA75rXcdEdgyqTnry0wgO4=",
        "ref": "refs/heads/master",
        "rev": "c86f0efa26b5f04029e06073f0f841d502e8422e",
        "revCount": 49,
        "submodules": true,
        "type": "git",
        "url": "https://github.com/notpeelz/solarxr-cli"
      },
      "original": {
        "submodules": true,
        "type": "git",
        "url": "https://github.com/notpeelz/solarxr-cli"
      }
    },
    "soulver-cpp": {
      "inputs": {
        "nixpkgs": [
          "vicinae",
          "nixpkgs"
        ],
        "nixpkgs-libxml2": "nixpkgs-libxml2"
      },
      "locked": {
        "lastModified": 1783621734,
        "narHash": "sha256-YBFO+aurlz2y2hTRN1Kl0RjX6JzHn0mYBmt4zb436Yg=",
        "owner": "vicinaehq",
        "repo": "soulver-cpp",
        "rev": "00e926e2bd03118638c88981f6a67bfa107210c2",
        "type": "github"
      },
      "original": {
        "owner": "vicinaehq",
        "repo": "soulver-cpp",
        "type": "github"
      }
    },
    "spicetify-nix": {
      "inputs": {
        "nixpkgs": [
          "nixpkgs"
        ],
        "systems": [
          "systems"
        ]
      },
      "locked": {
        "lastModified": 1788683578,
        "narHash": "sha256-bERpuakmPAC2b36zgXy6OXh+SkZUjbaV+vV2sPmm6p8=",
        "owner": "Gerg-L",
        "repo": "spicetify-nix",
        "rev": "a4ef43fb13e3615f36e5a0935aabe8cc29363dc9",
        "type": "github"
      },
      "original": {
        "owner": "Gerg-L",
        "repo": "spicetify-nix",
        "type": "github"
      }
    },
    "split-monitor-workspaces": {
      "flake": false,
      "locked": {
        "lastModified": 1786046529,
        "narHash": "sha256-NEL7gkeIIUY+DkGLEa7lhSZ9PlqWeqddNmNqakxz3KI=",
        "owner": "zjeffer",
        "repo": "split-monitor-workspaces",
        "rev": "656ac1f024f0c1d6ec007f4c25cbc02951d51c9c",
        "type": "github"
      },
      "original": {
        "owner": "zjeffer",
        "ref": "release/0.56.x",
        "repo": "split-monitor-workspaces",
        "type": "github"
      }
    },
    "steam-config-nix": {
      "inputs": {
        "flake-parts": [
          "flake-parts"
        ],
        "nixpkgs": [
          "nixpkgs"
        ],
        "systems": [
          "systems"
        ]
      },
      "locked": {
        "lastModified": 1788823734,
        "narHash": "sha256-DXoc7dDSEY3UsA4KtrW+5oGKIRwLwMyNjCHhWYGmztY=",
        "owner": "different-name",
        "repo": "steam-config-nix",
        "rev": "c1b400727e37d5657f5a9b19cb7341e0327951ac",
        "type": "github"
      },
      "original": {
        "owner": "different-name",
        "repo": "steam-config-nix",
        "type": "github"
      }
    },
    "systems": {
      "locked": {
        "lastModified": 1680978846,
        "narHash": "sha256-Gtqg8b/v49BFDpDetjclCYXm8mAnTrUzR0JnE2nv5aw=",
        "owner": "nix-systems",
        "repo": "x86_64-linux",
        "rev": "2ecfcac5e15790ba6ce360ceccddb15ad16d08a8",
        "type": "github"
      },
      "original": {
        "owner": "nix-systems",
        "repo": "x86_64-linux",
        "type": "github"
      }
    },
    "treefmt-nix": {
      "inputs": {
        "nixpkgs": [
          "nixpkgs"
        ]
      },
      "locked": {
        "lastModified": 1786901030,
        "narHash": "sha256-WSFCsDSE5ffgD2MqzkM2CYjeFiKhRF/dJUN8uedb6YE=",
        "owner": "numtide",
        "repo": "treefmt-nix",
        "rev": "27b3b12a8e6375f28ebe122f07d230ca5459bbfa",
        "type": "github"
      },
      "original": {
        "owner": "numtide",
        "repo": "treefmt-nix",
        "type": "github"
      }
    },
    "vicinae": {
      "inputs": {
        "nixpkgs": "nixpkgs_3",
        "numen": "numen",
        "soulver-cpp": "soulver-cpp",
        "systems": [
          "systems"
        ]
      },
      "locked": {
        "lastModified": 1788889823,
        "narHash": "sha256-f+e3LGlAW+JC1W9WTpdkrlIa3JhvxVYKzuO0725BSVQ=",
        "owner": "vicinaehq",
        "repo": "vicinae",
        "rev": "df7ce02f5ea1f7573175b1fd4d1cc73d566b1448",
        "type": "github"
      },
      "original": {
        "owner": "vicinaehq",
        "repo": "vicinae",
        "type": "github"
      }
    },
    "vicinae-extensions": {
      "inputs": {
        "flake-compat": "flake-compat_2",
        "nixpkgs": "nixpkgs_4",
        "systems": [
          "systems"
        ],
        "vicinae": [
          "vicinae"
        ]
      },
      "locked": {
        "lastModified": 1788877077,
        "narHash": "sha256-Os614eK4hYC8l9cECt2zBiQbrdv+9q2AyrliHfiEf5A=",
        "owner": "vicinaehq",
        "repo": "extensions",
        "rev": "ee117bc64f341ed71b4a27e311f343b12a75f43d",
        "type": "github"
      },
      "original": {
        "owner": "vicinaehq",
        "repo": "extensions",
        "type": "github"
      }
    },
    "vrchat-video-resolver": {
      "inputs": {
        "flake-parts": [
          "flake-parts"
        ],
        "nixpkgs": "nixpkgs_5",
        "systems": [
          "systems"
        ]
      },
      "locked": {
        "lastModified": 1787577925,
        "narHash": "sha256-kk8fj3pnTSxMDztLDBHKlrXub9RF8K4nOUlXdJ9W9+E=",
        "owner": "different-name",
        "repo": "vrchat-video-resolver",
        "rev": "809241f0d368e8414418af413fe122f2879d38eb",
        "type": "github"
      },
      "original": {
        "owner": "different-name",
        "repo": "vrchat-video-resolver",
        "type": "github"
      }
    },
    "wrappers": {
      "inputs": {
        "nixpkgs": [
          "nixpkgs"
        ]
      },
      "locked": {
        "lastModified": 1788889659,
        "narHash": "sha256-9yRvFaSIgYu85ZfNN55vHV2LQj06WbRqsRcppXkaWBI=",
        "owner": "lassulus",
        "repo": "wrappers",
        "rev": "7687cc2ffa72806ab595cb3e0f45b3cdcb44269e",
        "type": "github"
      },
      "original": {
        "owner": "lassulus",
        "repo": "wrappers",
        "type": "github"
      }
    }
  },
  "root": "root",
  "version": 7
}
